{
  "name": "see-video",
  "lockfileVersion": 3,
  "requires": true,
  "packages": {
    "": {
      "dependencies": {
        "llm-frames": "^0.1.0"
      }
    },
    "../../../projects/llm-frames": {
      "version": "0.1.0",
      "license": "MIT",
      "devDependencies": {
        "@types/node": "^25.5.0",
        "typescript": "^5.4.0"
      }
    },
    "node_modules/llm-frames": {
      "resolved": "../../../projects/llm-frames",
      "link": true
    }
  }
}
